{
  "nodes": {
    "nixpkgs": {
      "locked": {
        "lastModified": 1722987190,
        "narHash": "sha256-68hmex5efCiM2aZlAAEcQgmFI4ZwWt8a80vOeB/5w3A=",
        "path": "/nix/store/pi3i4rcxl8iadwxpyyx481ycnyxm856b-source",
        "rev": "21cc704b5e918c5fbf4f9fff22b4ac2681706d90",
        "type": "path"
      },
      "original": {
        "id": "nixpkgs",
        "type": "indirect"
      }
    },
    "root": {
      "inputs": {
        "nixpkgs": "nixpkgs"
      }
    }
  },
  "root": "root",
  "version": 7
}
